
Microsoft Visual Studio Solution File, Format Version 12.00
# Visual Studio Version 16
VisualStudioVersion = 16.0.29209.62
MinimumVisualStudioVersion = 10.0.40219.1
Project("{FAE04EC0-301F-11D3-BF4B-00C04F79EFBC}") = "Node Graph Assistant", "NodeGraphAssistant\Node Graph Assistant.csproj", "{6E79A5C3-F876-447C-9C10-DF8BA7BB78CD}"
EndProject
Global
	GlobalSection(SolutionConfigurationPlatforms) = preSolution
		Debug|Any CPU = Debug|Any CPU
		Release|Any CPU = Release|Any CPU
	EndGlobalSection
	GlobalSection(ProjectConfigurationPlatforms) = postSolution
		{6E79A5C3-F876-447C-9C10-DF8BA7BB78CD}.Debug|Any CPU.ActiveCfg = Debug|Any CPU
		{6E79A5C3-F876-447C-9C10-DF8BA7BB78CD}.Debug|Any CPU.Build.0 = Debug|Any CPU
		{6E79A5C3-F876-447C-9C10-DF8BA7BB78CD}.Release|Any CPU.ActiveCfg = Release|Any CPU
		{6E79A5C3-F876-447C-9C10-DF8BA7BB78CD}.Release|Any CPU.Build.0 = Release|Any CPU
	EndGlobalSection
	GlobalSection(SolutionProperties) = preSolution
		HideSolutionNode = FALSE
	EndGlobalSection
	GlobalSection(ExtensibilityGlobals) = postSolution
		SolutionGuid = {55F39BCC-39FC-43EB-B65A-EA4623646CEC}
	EndGlobalSection
EndGlobal
